lockfileVersion: '9.0'

settings:
  autoInstallPeers: true
  excludeLinksFromLockfile: false

importers:

  .:
    dependencies:
      '@vercel/analytics':
        specifier: ^2.0.1
        version: 2.0.1

packages:

  '@vercel/analytics@2.0.1':
    resolution: {integrity: sha512-MTQG6V9qQrt1tsDeF+2Uoo5aPjqbVPys1xvnIftXSJYG2SrwXRHnqEvVoYID7BTruDz4lCd2Z7rM1BdkUehk2g==}
    peerDependencies:
      '@remix-run/react': ^2
      '@sveltejs/kit': ^1 || ^2
      next: '>= 13'
      nuxt: '>= 3'
      react: ^18 || ^19 || ^19.0.0-rc
      svelte: '>= 4'
      vue: ^3
      vue-router: ^4
    peerDependenciesMeta:
      '@remix-run/react':
        optional: true
      '@sveltejs/kit':
        optional: true
      next:
        optional: true
      nuxt:
        optional: true
      react:
        optional: true
      svelte:
        optional: true
      vue:
        optional: true
      vue-router:
        optional: true

snapshots:

  '@vercel/analytics@2.0.1': {}
